
Microsoft Visual Studio Solution File, Format Version 12.00
# Visual Studio Version 17
VisualStudioVersion = 17.1.32421.90
MinimumVisualStudioVersion = 10.0.40219.1
Project("{FAE04EC0-301F-11D3-BF4B-00C04F79EFBC}") = "WebAPITutorial", "WebAPITutorial.csproj", "{410190CC-3D56-4DC0-BD4C-2DB2FBCCE4A5}"
EndProject
Global
	GlobalSection(SolutionConfigurationPlatforms) = preSolution
		Debug|Any CPU = Debug|Any CPU
		Release|Any CPU = Release|Any CPU
	EndGlobalSection
	GlobalSection(ProjectConfigurationPlatforms) = postSolution
		{410190CC-3D56-4DC0-BD4C-2DB2FBCCE4A5}.Debug|Any CPU.ActiveCfg = Debug|Any CPU
		{410190CC-3D56-4DC0-BD4C-2DB2FBCCE4A5}.Debug|Any CPU.Build.0 = Debug|Any CPU
		{410190CC-3D56-4DC0-BD4C-2DB2FBCCE4A5}.Release|Any CPU.ActiveCfg = Release|Any CPU
		{410190CC-3D56-4DC0-BD4C-2DB2FBCCE4A5}.Release|Any CPU.Build.0 = Release|Any CPU
	EndGlobalSection
	GlobalSection(SolutionProperties) = preSolution
		HideSolutionNode = FALSE
	EndGlobalSection
	GlobalSection(ExtensibilityGlobals) = postSolution
		SolutionGuid = {9ACA9115-8BF3-409F-BF95-9E6E547BE5A8}
	EndGlobalSection
EndGlobal
